
Microsoft Visual Studio Solution File, Format Version 12.00
# Visual Studio Version 16
VisualStudioVersion = 16.0.30204.135
MinimumVisualStudioVersion = 10.0.40219.1
Project("{9A19103F-16F7-4668-BE54-9A1E7A4F7556}") = "ColorsAPI", "ColorsAPI\ColorsAPI.csproj", "{C9D01A7B-D4E7-4981-8FB1-9745482DD3FF}"
EndProject
Project("{9A19103F-16F7-4668-BE54-9A1E7A4F7556}") = "Colors.BAL", "Colors.BAL\Colors.BAL.csproj", "{07242091-052E-4840-BA35-528480E5937C}"
EndProject
Project("{FAE04EC0-301F-11D3-BF4B-00C04F79EFBC}") = "Colors.Services", "Colors.Services\Colors.Services.csproj", "{E4428F92-DE0D-47A2-A240-412F10650C66}"
EndProject
Global
	GlobalSection(SolutionConfigurationPlatforms) = preSolution
		Debug|Any CPU = Debug|Any CPU
		Release|Any CPU = Release|Any CPU
	EndGlobalSection
	GlobalSection(ProjectConfigurationPlatforms) = postSolution
		{C9D01A7B-D4E7-4981-8FB1-9745482DD3FF}.Debug|Any CPU.ActiveCfg = Debug|Any CPU
		{C9D01A7B-D4E7-4981-8FB1-9745482DD3FF}.Debug|Any CPU.Build.0 = Debug|Any CPU
		{C9D01A7B-D4E7-4981-8FB1-9745482DD3FF}.Release|Any CPU.ActiveCfg = Release|Any CPU
		{C9D01A7B-D4E7-4981-8FB1-9745482DD3FF}.Release|Any CPU.Build.0 = Release|Any CPU
		{07242091-052E-4840-BA35-528480E5937C}.Debug|Any CPU.ActiveCfg = Debug|Any CPU
		{07242091-052E-4840-BA35-528480E5937C}.Debug|Any CPU.Build.0 = Debug|Any CPU
		{07242091-052E-4840-BA35-528480E5937C}.Release|Any CPU.ActiveCfg = Release|Any CPU
		{07242091-052E-4840-BA35-528480E5937C}.Release|Any CPU.Build.0 = Release|Any CPU
		{E4428F92-DE0D-47A2-A240-412F10650C66}.Debug|Any CPU.ActiveCfg = Debug|Any CPU
		{E4428F92-DE0D-47A2-A240-412F10650C66}.Debug|Any CPU.Build.0 = Debug|Any CPU
		{E4428F92-DE0D-47A2-A240-412F10650C66}.Release|Any CPU.ActiveCfg = Release|Any CPU
		{E4428F92-DE0D-47A2-A240-412F10650C66}.Release|Any CPU.Build.0 = Release|Any CPU
	EndGlobalSection
	GlobalSection(SolutionProperties) = preSolution
		HideSolutionNode = FALSE
	EndGlobalSection
	GlobalSection(ExtensibilityGlobals) = postSolution
		SolutionGuid = {4E960FF3-A2EF-4C15-B6EE-FADECD76728A}
	EndGlobalSection
EndGlobal
